// !$*UTF8*$!
{
	archiveVersion = 1;
	classes = {
	};
	objectVersion = 48;
	objects = {

/* Begin PBXBuildFile section */
		2B368E8E1FB15E8200BF23C7 /* GYScrollCardView.m in Sources */ = {isa = PBXBuildFile; fileRef = 2B368E8D1FB15E8200BF23C7 /* GYScrollCardView.m */; };
		2B46DDA11FB1867200B44AC4 /* GYCardListCollectionViewCell.m in Sources */ = {isa = PBXBuildFile; fileRef = 2B46DD9F1FB1867200B44AC4 /* GYCardListCollectionViewCell.m */; };
		2B46DDA21FB1867200B44AC4 /* GYCardListCollectionViewCell.xib in Resources */ = {isa = PBXBuildFile; fileRef = 2B46DDA01FB1867200B44AC4 /* GYCardListCollectionViewCell.xib */; };
		2B46DDA61FB1891800B44AC4 /* GYCardCollectionViewCell.m in Sources */ = {isa = PBXBuildFile; fileRef = 2B46DDA41FB1891800B44AC4 /* GYCardCollectionViewCell.m */; };
		2B46DDA71FB1891800B44AC4 /* GYCardCollectionViewCell.xib in Resources */ = {isa = PBXBuildFile; fileRef = 2B46DDA51FB1891800B44AC4 /* GYCardCollectionViewCell.xib */; };
		2B46DDAB1FB18C3C00B44AC4 /* GYLoadingCollectionReusableView.m in Sources */ = {isa = PBXBuildFile; fileRef = 2B46DDA91FB18C3C00B44AC4 /* GYLoadingCollectionReusableView.m */; };
		2B46DDAC1FB18C3C00B44AC4 /* GYLoadingCollectionReusableView.xib in Resources */ = {isa = PBXBuildFile; fileRef = 2B46DDAA1FB18C3C00B44AC4 /* GYLoadingCollectionReusableView.xib */; };
		2B46DDAF1FB197BF00B44AC4 /* GYCardViewFlowLayout.m in Sources */ = {isa = PBXBuildFile; fileRef = 2B46DDAE1FB197BF00B44AC4 /* GYCardViewFlowLayout.m */; };
		2BB002C31FB2FACF00ED2C52 /* GYCollectionView.m in Sources */ = {isa = PBXBuildFile; fileRef = 2BB002C21FB2FACF00ED2C52 /* GYCollectionView.m */; };
		2BB002C61FB3F30C00ED2C52 /* UIView+Layout.m in Sources */ = {isa = PBXBuildFile; fileRef = 2BB002C51FB3F30C00ED2C52 /* UIView+Layout.m */; };
		2BBC2E221FB14EED001280E6 /* AppDelegate.m in Sources */ = {isa = PBXBuildFile; fileRef = 2BBC2E211FB14EED001280E6 /* AppDelegate.m */; };
		2BBC2E251FB14EED001280E6 /* ViewController.m in Sources */ = {isa = PBXBuildFile; fileRef = 2BBC2E241FB14EED001280E6 /* ViewController.m */; };
		2BBC2E281FB14EED001280E6 /* Main.storyboard in Resources */ = {isa = PBXBuildFile; fileRef = 2BBC2E261FB14EED001280E6 /* Main.storyboard */; };
		2BBC2E2A1FB14EED001280E6 /* Assets.xcassets in Resources */ = {isa = PBXBuildFile; fileRef = 2BBC2E291FB14EED001280E6 /* Assets.xcassets */; };
		2BBC2E2D1FB14EED001280E6 /* LaunchScreen.storyboard in Resources */ = {isa = PBXBuildFile; fileRef = 2BBC2E2B1FB14EED001280E6 /* LaunchScreen.storyboard */; };
		2BBC2E301FB14EED001280E6 /* main.m in Sources */ = {isa = PBXBuildFile; fileRef = 2BBC2E2F1FB14EED001280E6 /* main.m */; };
		2BBC2E3A1FB14EED001280E6 /* GYScrollCardViewTests.m in Sources */ = {isa = PBXBuildFile; fileRef = 2BBC2E391FB14EED001280E6 /* GYScrollCardViewTests.m */; };
		2BBC2E451FB14EED001280E6 /* GYScrollCardViewUITests.m in Sources */ = {isa = PBXBuildFile; fileRef = 2BBC2E441FB14EED001280E6 /* GYScrollCardViewUITests.m */; };
		86CB4C1BE4890EAFA11961A0 /* libPods-GYScrollCardViewTests.a in Frameworks */ = {isa = PBXBuildFile; fileRef = A29DA06D477D3ED860BD2686 /* libPods-GYScrollCardViewTests.a */; };
		C57745AE363F72D95FF0C7D6 /* libPods-GYScrollCardView.a in Frameworks */ = {isa = PBXBuildFile; fileRef = 5B43D94CDAE4084D44860603 /* libPods-GYScrollCardView.a */; };
/* End PBXBuildFile section */

/* Begin PBXContainerItemProxy section */
		2BBC2E361FB14EED001280E6 /* PBXContainerItemProxy */ = {
			isa = PBXContainerItemProxy;
			containerPortal = 2BBC2E151FB14EED001280E6 /* Project object */;
			proxyType = 1;
			remoteGlobalIDString = 2BBC2E1C1FB14EED001280E6;
			remoteInfo = GYScrollCardView;
		};
		2BBC2E411FB14EED001280E6 /* PBXContainerItemProxy */ = {
			isa = PBXContainerItemProxy;
			containerPortal = 2BBC2E151FB14EED001280E6 /* Project object */;
			proxyType = 1;
			remoteGlobalIDString = 2BBC2E1C1FB14EED001280E6;
			remoteInfo = GYScrollCardView;
		};
/* End PBXContainerItemProxy section */

/* Begin PBXFileReference section */
		2B368E8C1FB15E8200BF23C7 /* GYScrollCardView.h */ = {isa = PBXFileReference; lastKnownFileType = sourcecode.c.h; path = GYScrollCardView.h; sourceTree = "<group>"; };
		2B368E8D1FB15E8200BF23C7 /* GYScrollCardView.m */ = {isa = PBXFileReference; lastKnownFileType = sourcecode.c.objc; path = GYScrollCardView.m; sourceTree = "<group>"; };
		2B368E901FB15EAD00BF23C7 /* GYScrollCardHeader.h */ = {isa = PBXFileReference; lastKnownFileType = sourcecode.c.h; path = GYScrollCardHeader.h; sourceTree = "<group>"; };
		2B46DD9E1FB1867200B44AC4 /* GYCardListCollectionViewCell.h */ = {isa = PBXFileReference; lastKnownFileType = sourcecode.c.h; path = GYCardListCollectionViewCell.h; sourceTree = "<group>"; };
		2B46DD9F1FB1867200B44AC4 /* GYCardListCollectionViewCell.m */ = {isa = PBXFileReference; lastKnownFileType = sourcecode.c.objc; path = GYCardListCollectionViewCell.m; sourceTree = "<group>"; };
		2B46DDA01FB1867200B44AC4 /* GYCardListCollectionViewCell.xib */ = {isa = PBXFileReference; lastKnownFileType = file.xib; path = GYCardListCollectionViewCell.xib; sourceTree = "<group>"; };
		2B46DDA31FB1891800B44AC4 /* GYCardCollectionViewCell.h */ = {isa = PBXFileReference; lastKnownFileType = sourcecode.c.h; path = GYCardCollectionViewCell.h; sourceTree = "<group>"; };
		2B46DDA41FB1891800B44AC4 /* GYCardCollectionViewCell.m */ = {isa = PBXFileReference; lastKnownFileType = sourcecode.c.objc; path = GYCardCollectionViewCell.m; sourceTree = "<group>"; };
		2B46DDA51FB1891800B44AC4 /* GYCardCollectionViewCell.xib */ = {isa = PBXFileReference; lastKnownFileType = file.xib; path = GYCardCollectionViewCell.xib; sourceTree = "<group>"; };
		2B46DDA81FB18C3C00B44AC4 /* GYLoadingCollectionReusableView.h */ = {isa = PBXFileReference; lastKnownFileType = sourcecode.c.h; path = GYLoadingCollectionReusableView.h; sourceTree = "<group>"; };
		2B46DDA91FB18C3C00B44AC4 /* GYLoadingCollectionReusableView.m */ = {isa = PBXFileReference; lastKnownFileType = sourcecode.c.objc; path = GYLoadingCollectionReusableView.m; sourceTree = "<group>"; };
		2B46DDAA1FB18C3C00B44AC4 /* GYLoadingCollectionReusableView.xib */ = {isa = PBXFileReference; lastKnownFileType = file.xib; path = GYLoadingCollectionReusableView.xib; sourceTree = "<group>"; };
		2B46DDAD1FB197BF00B44AC4 /* GYCardViewFlowLayout.h */ = {isa = PBXFileReference; lastKnownFileType = sourcecode.c.h; path = GYCardViewFlowLayout.h; sourceTree = "<group>"; };
		2B46DDAE1FB197BF00B44AC4 /* GYCardViewFlowLayout.m */ = {isa = PBXFileReference; lastKnownFileType = sourcecode.c.objc; path = GYCardViewFlowLayout.m; sourceTree = "<group>"; };
		2BB002C11FB2FACF00ED2C52 /* GYCollectionView.h */ = {isa = PBXFileReference; lastKnownFileType = sourcecode.c.h; path = GYCollectionView.h; sourceTree = "<group>"; };
		2BB002C21FB2FACF00ED2C52 /* GYCollectionView.m */ = {isa = PBXFileReference; lastKnownFileType = sourcecode.c.objc; path = GYCollectionView.m; sourceTree = "<group>"; };
		2BB002C41FB3F30C00ED2C52 /* UIView+Layout.h */ = {isa = PBXFileReference; fileEncoding = 4; lastKnownFileType = sourcecode.c.h; path = "UIView+Layout.h"; sourceTree = "<group>"; };
		2BB002C51FB3F30C00ED2C52 /* UIView+Layout.m */ = {isa = PBXFileReference; fileEncoding = 4; lastKnownFileType = sourcecode.c.objc; path = "UIView+Layout.m"; sourceTree = "<group>"; };
		2BBC2E1D1FB14EED001280E6 /* GYScrollCardView.app */ = {isa = PBXFileReference; explicitFileType = wrapper.application; includeInIndex = 0; path = GYScrollCardView.app; sourceTree = BUILT_PRODUCTS_DIR; };
		2BBC2E201FB14EED001280E6 /* AppDelegate.h */ = {isa = PBXFileReference; lastKnownFileType = sourcecode.c.h; path = AppDelegate.h; sourceTree = "<group>"; };
		2BBC2E211FB14EED001280E6 /* AppDelegate.m */ = {isa = PBXFileReference; lastKnownFileType = sourcecode.c.objc; path = AppDelegate.m; sourceTree = "<group>"; };
		2BBC2E231FB14EED001280E6 /* ViewController.h */ = {isa = PBXFileReference; lastKnownFileType = sourcecode.c.h; path = ViewController.h; sourceTree = "<group>"; };
		2BBC2E241FB14EED001280E6 /* ViewController.m */ = {isa = PBXFileReference; lastKnownFileType = sourcecode.c.objc; path = ViewController.m; sourceTree = "<group>"; };
		2BBC2E271FB14EED001280E6 /* Base */ = {isa = PBXFileReference; lastKnownFileType = file.storyboard; name = Base; path = Base.lproj/Main.storyboard; sourceTree = "<group>"; };
		2BBC2E291FB14EED001280E6 /* Assets.xcassets */ = {isa = PBXFileReference; lastKnownFileType = folder.assetcatalog; path = Assets.xcassets; sourceTree = "<group>"; };
		2BBC2E2C1FB14EED001280E6 /* Base */ = {isa = PBXFileReference; lastKnownFileType = file.storyboard; name = Base; path = Base.lproj/LaunchScreen.storyboard; sourceTree = "<group>"; };
		2BBC2E2E1FB14EED001280E6 /* Info.plist */ = {isa = PBXFileReference; lastKnownFileType = text.plist.xml; path = Info.plist; sourceTree = "<group>"; };
		2BBC2E2F1FB14EED001280E6 /* main.m */ = {isa = PBXFileReference; lastKnownFileType = sourcecode.c.objc; path = main.m; sourceTree = "<group>"; };
		2BBC2E351FB14EED001280E6 /* GYScrollCardViewTests.xctest */ = {isa = PBXFileReference; explicitFileType = wrapper.cfbundle; includeInIndex = 0; path = GYScrollCardViewTests.xctest; sourceTree = BUILT_PRODUCTS_DIR; };
		2BBC2E391FB14EED001280E6 /* GYScrollCardViewTests.m */ = {isa = PBXFileReference; lastKnownFileType = sourcecode.c.objc; path = GYScrollCardViewTests.m; sourceTree = "<group>"; };
		2BBC2E3B1FB14EED001280E6 /* Info.plist */ = {isa = PBXFileReference; lastKnownFileType = text.plist.xml; path = Info.plist; sourceTree = "<group>"; };
		2BBC2E401FB14EED001280E6 /* GYScrollCardViewUITests.xctest */ = {isa = PBXFileReference; explicitFileType = wrapper.cfbundle; includeInIndex = 0; path = GYScrollCardViewUITests.xctest; sourceTree = BUILT_PRODUCTS_DIR; };
		2BBC2E441FB14EED001280E6 /* GYScrollCardViewUITests.m */ = {isa = PBXFileReference; lastKnownFileType = sourcecode.c.objc; path = GYScrollCardViewUITests.m; sourceTree = "<group>"; };
		2BBC2E461FB14EED001280E6 /* Info.plist */ = {isa = PBXFileReference; lastKnownFileType = text.plist.xml; path = Info.plist; sourceTree = "<group>"; };
		5B43D94CDAE4084D44860603 /* libPods-GYScrollCardView.a */ = {isa = PBXFileReference; explicitFileType = archive.ar; includeInIndex = 0; path = "libPods-GYScrollCardView.a"; sourceTree = BUILT_PRODUCTS_DIR; };
		9EBAE6F204B3524EF074971D /* Pods-GYScrollCardView.debug.xcconfig */ = {isa = PBXFileReference; includeInIndex = 1; lastKnownFileType = text.xcconfig; name = "Pods-GYScrollCardView.debug.xcconfig"; path = "Pods/Target Support Files/Pods-GYScrollCardView/Pods-GYScrollCardView.debug.xcconfig"; sourceTree = "<group>"; };
		A29DA06D477D3ED860BD2686 /* libPods-GYScrollCardViewTests.a */ = {isa = PBXFileReference; explicitFileType = archive.ar; includeInIndex = 0; path = "libPods-GYScrollCardViewTests.a"; sourceTree = BUILT_PRODUCTS_DIR; };
		AB3FE460989999D88FC503B4 /* Pods-GYScrollCardView.release.xcconfig */ = {isa = PBXFileReference; includeInIndex = 1; lastKnownFileType = text.xcconfig; name = "Pods-GYScrollCardView.release.xcconfig"; path = "Pods/Target Support Files/Pods-GYScrollCardView/Pods-GYScrollCardView.release.xcconfig"; sourceTree = "<group>"; };
		C034C497B567CE4E8607F021 /* Pods-GYScrollCardViewTests.release.xcconfig */ = {isa = PBXFileReference; includeInIndex = 1; lastKnownFileType = text.xcconfig; name = "Pods-GYScrollCardViewTests.release.xcconfig"; path = "Pods/Target Support Files/Pods-GYScrollCardViewTests/Pods-GYScrollCardViewTests.release.xcconfig"; sourceTree = "<group>"; };
		DCBA5A6C1DAF7AE2AB55FEE8 /* Pods-GYScrollCardViewTests.debug.xcconfig */ = {isa = PBXFileReference; includeInIndex = 1; lastKnownFileType = text.xcconfig; name = "Pods-GYScrollCardViewTests.debug.xcconfig"; path = "Pods/Target Support Files/Pods-GYScrollCardViewTests/Pods-GYScrollCardViewTests.debug.xcconfig"; sourceTree = "<group>"; };
/* End PBXFileReference section */

/* Begin PBXFrameworksBuildPhase section */
		2BBC2E1A1FB14EED001280E6 /* Frameworks */ = {
			isa = PBXFrameworksBuildPhase;
			buildActionMask = 2147483647;
			files = (
				C57745AE363F72D95FF0C7D6 /* libPods-GYScrollCardView.a in Frameworks */,
			);
			runOnlyForDeploymentPostprocessing = 0;
		};
		2BBC2E321FB14EED001280E6 /* Frameworks */ = {
			isa = PBXFrameworksBuildPhase;
			buildActionMask = 2147483647;
			files = (
				86CB4C1BE4890EAFA11961A0 /* libPods-GYScrollCardViewTests.a in Frameworks */,
			);
			runOnlyForDeploymentPostprocessing = 0;
		};
		2BBC2E3D1FB14EED001280E6 /* Frameworks */ = {
			isa = PBXFrameworksBuildPhase;
			buildActionMask = 2147483647;
			files = (
			);
			runOnlyForDeploymentPostprocessing = 0;
		};
/* End PBXFrameworksBuildPhase section */

/* Begin PBXGroup section */
		1D1E6786E1D9C2381CAF3167 /* Frameworks */ = {
			isa = PBXGroup;
			children = (
				5B43D94CDAE4084D44860603 /* libPods-GYScrollCardView.a */,
				A29DA06D477D3ED860BD2686 /* libPods-GYScrollCardViewTests.a */,
			);
			name = Frameworks;
			sourceTree = "<group>";
		};
		2B368E8B1FB15ABA00BF23C7 /* ScrollCardView */ = {
			isa = PBXGroup;
			children = (
				2BB002C41FB3F30C00ED2C52 /* UIView+Layout.h */,
				2BB002C51FB3F30C00ED2C52 /* UIView+Layout.m */,
				2B368E901FB15EAD00BF23C7 /* GYScrollCardHeader.h */,
				2B368E8C1FB15E8200BF23C7 /* GYScrollCardView.h */,
				2B368E8D1FB15E8200BF23C7 /* GYScrollCardView.m */,
				2B46DD9E1FB1867200B44AC4 /* GYCardListCollectionViewCell.h */,
				2B46DD9F1FB1867200B44AC4 /* GYCardListCollectionViewCell.m */,
				2B46DDA01FB1867200B44AC4 /* GYCardListCollectionViewCell.xib */,
				2B46DDA31FB1891800B44AC4 /* GYCardCollectionViewCell.h */,
				2B46DDA41FB1891800B44AC4 /* GYCardCollectionViewCell.m */,
				2B46DDA51FB1891800B44AC4 /* GYCardCollectionViewCell.xib */,
				2B46DDA81FB18C3C00B44AC4 /* GYLoadingCollectionReusableView.h */,
				2B46DDA91FB18C3C00B44AC4 /* GYLoadingCollectionReusableView.m */,
				2B46DDAA1FB18C3C00B44AC4 /* GYLoadingCollectionReusableView.xib */,
				2B46DDAD1FB197BF00B44AC4 /* GYCardViewFlowLayout.h */,
				2B46DDAE1FB197BF00B44AC4 /* GYCardViewFlowLayout.m */,
				2BB002C11FB2FACF00ED2C52 /* GYCollectionView.h */,
				2BB002C21FB2FACF00ED2C52 /* GYCollectionView.m */,
			);
			path = ScrollCardView;
			sourceTree = "<group>";
		};
		2BBC2E141FB14EED001280E6 = {
			isa = PBXGroup;
			children = (
				2BBC2E1F1FB14EED001280E6 /* GYScrollCardView */,
				2BBC2E381FB14EED001280E6 /* GYScrollCardViewTests */,
				2BBC2E431FB14EED001280E6 /* GYScrollCardViewUITests */,
				2BBC2E1E1FB14EED001280E6 /* Products */,
				9D4D7A49EA51B65CCCA40C08 /* Pods */,
				1D1E6786E1D9C2381CAF3167 /* Frameworks */,
			);
			sourceTree = "<group>";
		};
		2BBC2E1E1FB14EED001280E6 /* Products */ = {
			isa = PBXGroup;
			children = (
				2BBC2E1D1FB14EED001280E6 /* GYScrollCardView.app */,
				2BBC2E351FB14EED001280E6 /* GYScrollCardViewTests.xctest */,
				2BBC2E401FB14EED001280E6 /* GYScrollCardViewUITests.xctest */,
			);
			name = Products;
			sourceTree = "<group>";
		};
		2BBC2E1F1FB14EED001280E6 /* GYScrollCardView */ = {
			isa = PBXGroup;
			children = (
				2B368E8B1FB15ABA00BF23C7 /* ScrollCardView */,
				2BBC2E201FB14EED001280E6 /* AppDelegate.h */,
				2BBC2E211FB14EED001280E6 /* AppDelegate.m */,
				2BBC2E231FB14EED001280E6 /* ViewController.h */,
				2BBC2E241FB14EED001280E6 /* ViewController.m */,
				2BBC2E261FB14EED001280E6 /* Main.storyboard */,
				2BBC2E291FB14EED001280E6 /* Assets.xcassets */,
				2BBC2E2B1FB14EED001280E6 /* LaunchScreen.storyboard */,
				2BBC2E2E1FB14EED001280E6 /* Info.plist */,
				2BBC2E2F1FB14EED001280E6 /* main.m */,
			);
			path = GYScrollCardView;
			sourceTree = "<group>";
		};
		2BBC2E381FB14EED001280E6 /* GYScrollCardViewTests */ = {
			isa = PBXGroup;
			children = (
				2BBC2E391FB14EED001280E6 /* GYScrollCardViewTests.m */,
				2BBC2E3B1FB14EED001280E6 /* Info.plist */,
			);
			path = GYScrollCardViewTests;
			sourceTree = "<group>";
		};
		2BBC2E431FB14EED001280E6 /* GYScrollCardViewUITests */ = {
			isa = PBXGroup;
			children = (
				2BBC2E441FB14EED001280E6 /* GYScrollCardViewUITests.m */,
				2BBC2E461FB14EED001280E6 /* Info.plist */,
			);
			path = GYScrollCardViewUITests;
			sourceTree = "<group>";
		};
		9D4D7A49EA51B65CCCA40C08 /* Pods */ = {
			isa = PBXGroup;
			children = (
				9EBAE6F204B3524EF074971D /* Pods-GYScrollCardView.debug.xcconfig */,
				AB3FE460989999D88FC503B4 /* Pods-GYScrollCardView.release.xcconfig */,
				DCBA5A6C1DAF7AE2AB55FEE8 /* Pods-GYScrollCardViewTests.debug.xcconfig */,
				C034C497B567CE4E8607F021 /* Pods-GYScrollCardViewTests.release.xcconfig */,
			);
			name = Pods;
			sourceTree = "<group>";
		};
/* End PBXGroup section */

/* Begin PBXNativeTarget section */
		2BBC2E1C1FB14EED001280E6 /* GYScrollCardView */ = {
			isa = PBXNativeTarget;
			buildConfigurationList = 2BBC2E491FB14EED001280E6 /* Build configuration list for PBXNativeTarget "GYScrollCardView" */;
			buildPhases = (
				BCEB6D4AC04FA8EF9BDDC4DB /* [CP] Check Pods Manifest.lock */,
				2BBC2E191FB14EED001280E6 /* Sources */,
				2BBC2E1A1FB14EED001280E6 /* Frameworks */,
				2BBC2E1B1FB14EED001280E6 /* Resources */,
				3D3AED721B8BD8B3ABC77475 /* [CP] Embed Pods Frameworks */,
				155021C60B0AD875202D940C /* [CP] Copy Pods Resources */,
			);
			buildRules = (
			);
			dependencies = (
			);
			name = GYScrollCardView;
			productName = GYScrollCardView;
			productReference = 2BBC2E1D1FB14EED001280E6 /* GYScrollCardView.app */;
			productType = "com.apple.product-type.application";
		};
		2BBC2E341FB14EED001280E6 /* GYScrollCardViewTests */ = {
			isa = PBXNativeTarget;
			buildConfigurationList = 2BBC2E4C1FB14EED001280E6 /* Build configuration list for PBXNativeTarget "GYScrollCardViewTests" */;
			buildPhases = (
				B0B2B04ED0DB7575E546DBD0 /* [CP] Check Pods Manifest.lock */,
				2BBC2E311FB14EED001280E6 /* Sources */,
				2BBC2E321FB14EED001280E6 /* Frameworks */,
				2BBC2E331FB14EED001280E6 /* Resources */,
				3412A0D99E382D12C35CBED0 /* [CP] Embed Pods Frameworks */,
				DBB58121B0F6D4089060CF2F /* [CP] Copy Pods Resources */,
			);
			buildRules = (
			);
			dependencies = (
				2BBC2E371FB14EED001280E6 /* PBXTargetDependency */,
			);
			name = GYScrollCardViewTests;
			productName = GYScrollCardViewTests;
			productReference = 2BBC2E351FB14EED001280E6 /* GYScrollCardViewTests.xctest */;
			productType = "com.apple.product-type.bundle.unit-test";
		};
		2BBC2E3F1FB14EED001280E6 /* GYScrollCardViewUITests */ = {
			isa = PBXNativeTarget;
			buildConfigurationList = 2BBC2E4F1FB14EED001280E6 /* Build configuration list for PBXNativeTarget "GYScrollCardViewUITests" */;
			buildPhases = (
				2BBC2E3C1FB14EED001280E6 /* Sources */,
				2BBC2E3D1FB14EED001280E6 /* Frameworks */,
				2BBC2E3E1FB14EED001280E6 /* Resources */,
			);
			buildRules = (
			);
			dependencies = (
				2BBC2E421FB14EED001280E6 /* PBXTargetDependency */,
			);
			name = GYScrollCardViewUITests;
			productName = GYScrollCardViewUITests;
			productReference = 2BBC2E401FB14EED001280E6 /* GYScrollCardViewUITests.xctest */;
			productType = "com.apple.product-type.bundle.ui-testing";
		};
/* End PBXNativeTarget section */

/* Begin PBXProject section */
		2BBC2E151FB14EED001280E6 /* Project object */ = {
			isa = PBXProject;
			attributes = {
				LastUpgradeCheck = 0910;
				ORGANIZATIONNAME = GY;
				TargetAttributes = {
					2BBC2E1C1FB14EED001280E6 = {
						CreatedOnToolsVersion = 9.1;
						ProvisioningStyle = Automatic;
					};
					2BBC2E341FB14EED001280E6 = {
						CreatedOnToolsVersion = 9.1;
						ProvisioningStyle = Automatic;
						TestTargetID = 2BBC2E1C1FB14EED001280E6;
					};
					2BBC2E3F1FB14EED001280E6 = {
						CreatedOnToolsVersion = 9.1;
						ProvisioningStyle = Automatic;
						TestTargetID = 2BBC2E1C1FB14EED001280E6;
					};
				};
			};
			buildConfigurationList = 2BBC2E181FB14EED001280E6 /* Build configuration list for PBXProject "GYScrollCardView" */;
			compatibilityVersion = "Xcode 8.0";
			developmentRegion = en;
			hasScannedForEncodings = 0;
			knownRegions = (
				en,
				Base,
			);
			mainGroup = 2BBC2E141FB14EED001280E6;
			productRefGroup = 2BBC2E1E1FB14EED001280E6 /* Products */;
			projectDirPath = "";
			projectRoot = "";
			targets = (
				2BBC2E1C1FB14EED001280E6 /* GYScrollCardView */,
				2BBC2E341FB14EED001280E6 /* GYScrollCardViewTests */,
				2BBC2E3F1FB14EED001280E6 /* GYScrollCardViewUITests */,
			);
		};
/* End PBXProject section */

/* Begin PBXResourcesBuildPhase section */
		2BBC2E1B1FB14EED001280E6 /* Resources */ = {
			isa = PBXResourcesBuildPhase;
			buildActionMask = 2147483647;
			files = (
				2B46DDA71FB1891800B44AC4 /* GYCardCollectionViewCell.xib in Resources */,
				2BBC2E2D1FB14EED001280E6 /* LaunchScreen.storyboard in Resources */,
				2BBC2E2A1FB14EED001280E6 /* Assets.xcassets in Resources */,
				2B46DDA21FB1867200B44AC4 /* GYCardListCollectionViewCell.xib in Resources */,
				2B46DDAC1FB18C3C00B44AC4 /* GYLoadingCollectionReusableView.xib in Resources */,
				2BBC2E281FB14EED001280E6 /* Main.storyboard in Resources */,
			);
			runOnlyForDeploymentPostprocessing = 0;
		};
		2BBC2E331FB14EED001280E6 /* Resources */ = {
			isa = PBXResourcesBuildPhase;
			buildActionMask = 2147483647;
			files = (
			);
			runOnlyForDeploymentPostprocessing = 0;
		};
		2BBC2E3E1FB14EED001280E6 /* Resources */ = {
			isa = PBXResourcesBuildPhase;
			buildActionMask = 2147483647;
			files = (
			);
			runOnlyForDeploymentPostprocessing = 0;
		};
/* End PBXResourcesBuildPhase section */

/* Begin PBXShellScriptBuildPhase section */
		155021C60B0AD875202D940C /* [CP] Copy Pods Resources */ = {
			isa = PBXShellScriptBuildPhase;
			buildActionMask = 2147483647;
			files = (
			);
			inputPaths = (
			);
			name = "[CP] Copy Pods Resources";
			outputPaths = (
			);
			runOnlyForDeploymentPostprocessing = 0;
			shellPath = /bin/sh;
			shellScript = "\"${SRCROOT}/Pods/Target Support Files/Pods-GYScrollCardView/Pods-GYScrollCardView-resources.sh\"\n";
			showEnvVarsInLog = 0;
		};
		3412A0D99E382D12C35CBED0 /* [CP] Embed Pods Frameworks */ = {
			isa = PBXShellScriptBuildPhase;
			buildActionMask = 2147483647;
			files = (
			);
			inputPaths = (
			);
			name = "[CP] Embed Pods Frameworks";
			outputPaths = (
			);
			runOnlyForDeploymentPostprocessing = 0;
			shellPath = /bin/sh;
			shellScript = "\"${SRCROOT}/Pods/Target Support Files/Pods-GYScrollCardViewTests/Pods-GYScrollCardViewTests-frameworks.sh\"\n";
			showEnvVarsInLog = 0;
		};
		3D3AED721B8BD8B3ABC77475 /* [CP] Embed Pods Frameworks */ = {
			isa = PBXShellScriptBuildPhase;
			buildActionMask = 2147483647;
			files = (
			);
			inputPaths = (
			);
			name = "[CP] Embed Pods Frameworks";
			outputPaths = (
			);
			runOnlyForDeploymentPostprocessing = 0;
			shellPath = /bin/sh;
			shellScript = "\"${SRCROOT}/Pods/Target Support Files/Pods-GYScrollCardView/Pods-GYScrollCardView-frameworks.sh\"\n";
			showEnvVarsInLog = 0;
		};
		B0B2B04ED0DB7575E546DBD0 /* [CP] Check Pods Manifest.lock */ = {
			isa = PBXShellScriptBuildPhase;
			buildActionMask = 2147483647;
			files = (
			);
			inputPaths = (
			);
			name = "[CP] Check Pods Manifest.lock";
			outputPaths = (
			);
			runOnlyForDeploymentPostprocessing = 0;
			shellPath = /bin/sh;
			shellScript = "diff \"${PODS_ROOT}/../Podfile.lock\" \"${PODS_ROOT}/Manifest.lock\" > /dev/null\nif [ $? != 0 ] ; then\n    # print error to STDERR\n    echo \"error: The sandbox is not in sync with the Podfile.lock. Run 'pod install' or update your CocoaPods installation.\" >&2\n    exit 1\nfi\n";
			showEnvVarsInLog = 0;
		};
		BCEB6D4AC04FA8EF9BDDC4DB /* [CP] Check Pods Manifest.lock */ = {
			isa = PBXShellScriptBuildPhase;
			buildActionMask = 2147483647;
			files = (
			);
			inputPaths = (
			);
			name = "[CP] Check Pods Manifest.lock";
			outputPaths = (
			);
			runOnlyForDeploymentPostprocessing = 0;
			shellPath = /bin/sh;
			shellScript = "diff \"${PODS_ROOT}/../Podfile.lock\" \"${PODS_ROOT}/Manifest.lock\" > /dev/null\nif [ $? != 0 ] ; then\n    # print error to STDERR\n    echo \"error: The sandbox is not in sync with the Podfile.lock. Run 'pod install' or update your CocoaPods installation.\" >&2\n    exit 1\nfi\n";
			showEnvVarsInLog = 0;
		};
		DBB58121B0F6D4089060CF2F /* [CP] Copy Pods Resources */ = {
			isa = PBXShellScriptBuildPhase;
			buildActionMask = 2147483647;
			files = (
			);
			inputPaths = (
			);
			name = "[CP] Copy Pods Resources";
			outputPaths = (
			);
			runOnlyForDeploymentPostprocessing = 0;
			shellPath = /bin/sh;
			shellScript = "\"${SRCROOT}/Pods/Target Support Files/Pods-GYScrollCardViewTests/Pods-GYScrollCardViewTests-resources.sh\"\n";
			showEnvVarsInLog = 0;
		};
/* End PBXShellScriptBuildPhase section */

/* Begin PBXSourcesBuildPhase section */
		2BBC2E191FB14EED001280E6 /* Sources */ = {
			isa = PBXSourcesBuildPhase;
			buildActionMask = 2147483647;
			files = (
				2B46DDA61FB1891800B44AC4 /* GYCardCollectionViewCell.m in Sources */,
				2BBC2E251FB14EED001280E6 /* ViewController.m in Sources */,
				2B368E8E1FB15E8200BF23C7 /* GYScrollCardView.m in Sources */,
				2B46DDA11FB1867200B44AC4 /* GYCardListCollectionViewCell.m in Sources */,
				2B46DDAB1FB18C3C00B44AC4 /* GYLoadingCollectionReusableView.m in Sources */,
				2BBC2E301FB14EED001280E6 /* main.m in Sources */,
				2B46DDAF1FB197BF00B44AC4 /* GYCardViewFlowLayout.m in Sources */,
				2BBC2E221FB14EED001280E6 /* AppDelegate.m in Sources */,
				2BB002C61FB3F30C00ED2C52 /* UIView+Layout.m in Sources */,
				2BB002C31FB2FACF00ED2C52 /* GYCollectionView.m in Sources */,
			);
			runOnlyForDeploymentPostprocessing = 0;
		};
		2BBC2E311FB14EED001280E6 /* Sources */ = {
			isa = PBXSourcesBuildPhase;
			buildActionMask = 2147483647;
			files = (
				2BBC2E3A1FB14EED001280E6 /* GYScrollCardViewTests.m in Sources */,
			);
			runOnlyForDeploymentPostprocessing = 0;
		};
		2BBC2E3C1FB14EED001280E6 /* Sources */ = {
			isa = PBXSourcesBuildPhase;
			buildActionMask = 2147483647;
			files = (
				2BBC2E451FB14EED001280E6 /* GYScrollCardViewUITests.m in Sources */,
			);
			runOnlyForDeploymentPostprocessing = 0;
		};
/* End PBXSourcesBuildPhase section */

/* Begin PBXTargetDependency section */
		2BBC2E371FB14EED001280E6 /* PBXTargetDependency */ = {
			isa = PBXTargetDependency;
			target = 2BBC2E1C1FB14EED001280E6 /* GYScrollCardView */;
			targetProxy = 2BBC2E361FB14EED001280E6 /* PBXContainerItemProxy */;
		};
		2BBC2E421FB14EED001280E6 /* PBXTargetDependency */ = {
			isa = PBXTargetDependency;
			target = 2BBC2E1C1FB14EED001280E6 /* GYScrollCardView */;
			targetProxy = 2BBC2E411FB14EED001280E6 /* PBXContainerItemProxy */;
		};
/* End PBXTargetDependency section */

/* Begin PBXVariantGroup section */
		2BBC2E261FB14EED001280E6 /* Main.storyboard */ = {
			isa = PBXVariantGroup;
			children = (
				2BBC2E271FB14EED001280E6 /* Base */,
			);
			name = Main.storyboard;
			sourceTree = "<group>";
		};
		2BBC2E2B1FB14EED001280E6 /* LaunchScreen.storyboard */ = {
			isa = PBXVariantGroup;
			children = (
				2BBC2E2C1FB14EED001280E6 /* Base */,
			);
			name = LaunchScreen.storyboard;
			sourceTree = "<group>";
		};
/* End PBXVariantGroup section */

/* Begin XCBuildConfiguration section */
		2BBC2E471FB14EED001280E6 /* Debug */ = {
			isa = XCBuildConfiguration;
			buildSettings = {
				ALWAYS_SEARCH_USER_PATHS = NO;
				CLANG_ANALYZER_NONNULL = YES;
				CLANG_ANALYZER_NUMBER_OBJECT_CONVERSION = YES_AGGRESSIVE;
				CLANG_CXX_LANGUAGE_STANDARD = "gnu++14";
				CLANG_CXX_LIBRARY = "libc++";
				CLANG_ENABLE_MODULES = YES;
				CLANG_ENABLE_OBJC_ARC = YES;
				CLANG_WARN_BLOCK_CAPTURE_AUTORELEASING = YES;
				CLANG_WARN_BOOL_CONVERSION = YES;
				CLANG_WARN_COMMA = YES;
				CLANG_WARN_CONSTANT_CONVERSION = YES;
				CLANG_WARN_DIRECT_OBJC_ISA_USAGE = YES_ERROR;
				CLANG_WARN_DOCUMENTATION_COMMENTS = YES;
				CLANG_WARN_EMPTY_BODY = YES;
				CLANG_WARN_ENUM_CONVERSION = YES;
				CLANG_WARN_INFINITE_RECURSION = YES;
				CLANG_WARN_INT_CONVERSION = YES;
				CLANG_WARN_NON_LITERAL_NULL_CONVERSION = YES;
				CLANG_WARN_OBJC_LITERAL_CONVERSION = YES;
				CLANG_WARN_OBJC_ROOT_CLASS = YES_ERROR;
				CLANG_WARN_RANGE_LOOP_ANALYSIS = YES;
				CLANG_WARN_STRICT_PROTOTYPES = YES;
				CLANG_WARN_SUSPICIOUS_MOVE = YES;
				CLANG_WARN_UNGUARDED_AVAILABILITY = YES_AGGRESSIVE;
				CLANG_WARN_UNREACHABLE_CODE = YES;
				CLANG_WARN__DUPLICATE_METHOD_MATCH = YES;
				CODE_SIGN_IDENTITY = "iPhone Developer";
				COPY_PHASE_STRIP = NO;
				DEBUG_INFORMATION_FORMAT = dwarf;
				ENABLE_STRICT_OBJC_MSGSEND = YES;
				ENABLE_TESTABILITY = YES;
				GCC_C_LANGUAGE_STANDARD = gnu11;
				GCC_DYNAMIC_NO_PIC = NO;
				GCC_NO_COMMON_BLOCKS = YES;
				GCC_OPTIMIZATION_LEVEL = 0;
				GCC_PREPROCESSOR_DEFINITIONS = (
					"DEBUG=1",
					"$(inherited)",
				);
				GCC_WARN_64_TO_32_BIT_CONVERSION = YES;
				GCC_WARN_ABOUT_RETURN_TYPE = YES_ERROR;
				GCC_WARN_UNDECLARED_SELECTOR = YES;
				GCC_WARN_UNINITIALIZED_AUTOS = YES_AGGRESSIVE;
				GCC_WARN_UNUSED_FUNCTION = YES;
				GCC_WARN_UNUSED_VARIABLE = YES;
				IPHONEOS_DEPLOYMENT_TARGET = 11.1;
				MTL_ENABLE_DEBUG_INFO = YES;
				ONLY_ACTIVE_ARCH = YES;
				SDKROOT = iphoneos;
			};
			name = Debug;
		};
		2BBC2E481FB14EED001280E6 /* Release */ = {
			isa = XCBuildConfiguration;
			buildSettings = {
				ALWAYS_SEARCH_USER_PATHS = NO;
				CLANG_ANALYZER_NONNULL = YES;
				CLANG_ANALYZER_NUMBER_OBJECT_CONVERSION = YES_AGGRESSIVE;
				CLANG_CXX_LANGUAGE_STANDARD = "gnu++14";
				CLANG_CXX_LIBRARY = "libc++";
				CLANG_ENABLE_MODULES = YES;
				CLANG_ENABLE_OBJC_ARC = YES;
				CLANG_WARN_BLOCK_CAPTURE_AUTORELEASING = YES;
				CLANG_WARN_BOOL_CONVERSION = YES;
				CLANG_WARN_COMMA = YES;
				CLANG_WARN_CONSTANT_CONVERSION = YES;
				CLANG_WARN_DIRECT_OBJC_ISA_USAGE = YES_ERROR;
				CLANG_WARN_DOCUMENTATION_COMMENTS = YES;
				CLANG_WARN_EMPTY_BODY = YES;
				CLANG_WARN_ENUM_CONVERSION = YES;
				CLANG_WARN_INFINITE_RECURSION = YES;
				CLANG_WARN_INT_CONVERSION = YES;
				CLANG_WARN_NON_LITERAL_NULL_CONVERSION = YES;
				CLANG_WARN_OBJC_LITERAL_CONVERSION = YES;
				CLANG_WARN_OBJC_ROOT_CLASS = YES_ERROR;
				CLANG_WARN_RANGE_LOOP_ANALYSIS = YES;
				CLANG_WARN_STRICT_PROTOTYPES = YES;
				CLANG_WARN_SUSPICIOUS_MOVE = YES;
				CLANG_WARN_UNGUARDED_AVAILABILITY = YES_AGGRESSIVE;
				CLANG_WARN_UNREACHABLE_CODE = YES;
				CLANG_WARN__DUPLICATE_METHOD_MATCH = YES;
				CODE_SIGN_IDENTITY = "iPhone Developer";
				COPY_PHASE_STRIP = NO;
				DEBUG_INFORMATION_FORMAT = "dwarf-with-dsym";
				ENABLE_NS_ASSERTIONS = NO;
				ENABLE_STRICT_OBJC_MSGSEND = YES;
				GCC_C_LANGUAGE_STANDARD = gnu11;
				GCC_NO_COMMON_BLOCKS = YES;
				GCC_WARN_64_TO_32_BIT_CONVERSION = YES;
				GCC_WARN_ABOUT_RETURN_TYPE = YES_ERROR;
				GCC_WARN_UNDECLARED_SELECTOR = YES;
				GCC_WARN_UNINITIALIZED_AUTOS = YES_AGGRESSIVE;
				GCC_WARN_UNUSED_FUNCTION = YES;
				GCC_WARN_UNUSED_VARIABLE = YES;
				IPHONEOS_DEPLOYMENT_TARGET = 11.1;
				MTL_ENABLE_DEBUG_INFO = NO;
				SDKROOT = iphoneos;
				VALIDATE_PRODUCT = YES;
			};
			name = Release;
		};
		2BBC2E4A1FB14EED001280E6 /* Debug */ = {
			isa = XCBuildConfiguration;
			baseConfigurationReference = 9EBAE6F204B3524EF074971D /* Pods-GYScrollCardView.debug.xcconfig */;
			buildSettings = {
				ASSETCATALOG_COMPILER_APPICON_NAME = AppIcon;
				CODE_SIGN_STYLE = Automatic;
				DEVELOPMENT_TEAM = 6927JCHY9Y;
				INFOPLIST_FILE = GYScrollCardView/Info.plist;
				IPHONEOS_DEPLOYMENT_TARGET = 9.0;
				LD_RUNPATH_SEARCH_PATHS = "$(inherited) @executable_path/Frameworks";
				PRODUCT_BUNDLE_IDENTIFIER = com.gylyons.GYScrollCardView;
				PRODUCT_NAME = "$(TARGET_NAME)";
				TARGETED_DEVICE_FAMILY = 1;
			};
			name = Debug;
		};
		2BBC2E4B1FB14EED001280E6 /* Release */ = {
			isa = XCBuildConfiguration;
			baseConfigurationReference = AB3FE460989999D88FC503B4 /* Pods-GYScrollCardView.release.xcconfig */;
			buildSettings = {
				ASSETCATALOG_COMPILER_APPICON_NAME = AppIcon;
				CODE_SIGN_STYLE = Automatic;
				DEVELOPMENT_TEAM = 6927JCHY9Y;
				INFOPLIST_FILE = GYScrollCardView/Info.plist;
				IPHONEOS_DEPLOYMENT_TARGET = 9.0;
				LD_RUNPATH_SEARCH_PATHS = "$(inherited) @executable_path/Frameworks";
				PRODUCT_BUNDLE_IDENTIFIER = com.gylyons.GYScrollCardView;
				PRODUCT_NAME = "$(TARGET_NAME)";
				TARGETED_DEVICE_FAMILY = 1;
			};
			name = Release;
		};
		2BBC2E4D1FB14EED001280E6 /* Debug */ = {
			isa = XCBuildConfiguration;
			baseConfigurationReference = DCBA5A6C1DAF7AE2AB55FEE8 /* Pods-GYScrollCardViewTests.debug.xcconfig */;
			buildSettings = {
				BUNDLE_LOADER = "$(TEST_HOST)";
				CODE_SIGN_STYLE = Automatic;
				INFOPLIST_FILE = GYScrollCardViewTests/Info.plist;
				LD_RUNPATH_SEARCH_PATHS = "$(inherited) @executable_path/Frameworks @loader_path/Frameworks";
				PRODUCT_BUNDLE_IDENTIFIER = com.gylyons.GYScrollCardViewTests;
				PRODUCT_NAME = "$(TARGET_NAME)";
				TARGETED_DEVICE_FAMILY = "1,2";
				TEST_HOST = "$(BUILT_PRODUCTS_DIR)/GYScrollCardView.app/GYScrollCardView";
			};
			name = Debug;
		};
		2BBC2E4E1FB14EED001280E6 /* Release */ = {
			isa = XCBuildConfiguration;
			baseConfigurationReference = C034C497B567CE4E8607F021 /* Pods-GYScrollCardViewTests.release.xcconfig */;
			buildSettings = {
				BUNDLE_LOADER = "$(TEST_HOST)";
				CODE_SIGN_STYLE = Automatic;
				INFOPLIST_FILE = GYScrollCardViewTests/Info.plist;
				LD_RUNPATH_SEARCH_PATHS = "$(inherited) @executable_path/Frameworks @loader_path/Frameworks";
				PRODUCT_BUNDLE_IDENTIFIER = com.gylyons.GYScrollCardViewTests;
				PRODUCT_NAME = "$(TARGET_NAME)";
				TARGETED_DEVICE_FAMILY = "1,2";
				TEST_HOST = "$(BUILT_PRODUCTS_DIR)/GYScrollCardView.app/GYScrollCardView";
			};
			name = Release;
		};
		2BBC2E501FB14EED001280E6 /* Debug */ = {
			isa = XCBuildConfiguration;
			buildSettings = {
				CODE_SIGN_STYLE = Automatic;
				INFOPLIST_FILE = GYScrollCardViewUITests/Info.plist;
				LD_RUNPATH_SEARCH_PATHS = "$(inherited) @executable_path/Frameworks @loader_path/Frameworks";
				PRODUCT_BUNDLE_IDENTIFIER = com.gylyons.GYScrollCardViewUITests;
				PRODUCT_NAME = "$(TARGET_NAME)";
				TARGETED_DEVICE_FAMILY = "1,2";
				TEST_TARGET_NAME = GYScrollCardView;
			};
			name = Debug;
		};
		2BBC2E511FB14EED001280E6 /* Release */ = {
			isa = XCBuildConfiguration;
			buildSettings = {
				CODE_SIGN_STYLE = Automatic;
				INFOPLIST_FILE = GYScrollCardViewUITests/Info.plist;
				LD_RUNPATH_SEARCH_PATHS = "$(inherited) @executable_path/Frameworks @loader_path/Frameworks";
				PRODUCT_BUNDLE_IDENTIFIER = com.gylyons.GYScrollCardViewUITests;
				PRODUCT_NAME = "$(TARGET_NAME)";
				TARGETED_DEVICE_FAMILY = "1,2";
				TEST_TARGET_NAME = GYScrollCardView;
			};
			name = Release;
		};
/* End XCBuildConfiguration section */

/* Begin XCConfigurationList section */
		2BBC2E181FB14EED001280E6 /* Build configuration list for PBXProject "GYScrollCardView" */ = {
			isa = XCConfigurationList;
			buildConfigurations = (
				2BBC2E471FB14EED001280E6 /* Debug */,
				2BBC2E481FB14EED001280E6 /* Release */,
			);
			defaultConfigurationIsVisible = 0;
			defaultConfigurationName = Release;
		};
		2BBC2E491FB14EED001280E6 /* Build configuration list for PBXNativeTarget "GYScrollCardView" */ = {
			isa = XCConfigurationList;
			buildConfigurations = (
				2BBC2E4A1FB14EED001280E6 /* Debug */,
				2BBC2E4B1FB14EED001280E6 /* Release */,
			);
			defaultConfigurationIsVisible = 0;
			defaultConfigurationName = Release;
		};
		2BBC2E4C1FB14EED001280E6 /* Build configuration list for PBXNativeTarget "GYScrollCardViewTests" */ = {
			isa = XCConfigurationList;
			buildConfigurations = (
				2BBC2E4D1FB14EED001280E6 /* Debug */,
				2BBC2E4E1FB14EED001280E6 /* Release */,
			);
			defaultConfigurationIsVisible = 0;
			defaultConfigurationName = Release;
		};
		2BBC2E4F1FB14EED001280E6 /* Build configuration list for PBXNativeTarget "GYScrollCardViewUITests" */ = {
			isa = XCConfigurationList;
			buildConfigurations = (
				2BBC2E501FB14EED001280E6 /* Debug */,
				2BBC2E511FB14EED001280E6 /* Release */,
			);
			defaultConfigurationIsVisible = 0;
			defaultConfigurationName = Release;
		};
/* End XCConfigurationList section */
	};
	rootObject = 2BBC2E151FB14EED001280E6 /* Project object */;
}
